
Microsoft Visual Studio Solution File, Format Version 12.00
# Visual Studio Version 17
VisualStudioVersion = 17.13.35818.85 d17.13
MinimumVisualStudioVersion = 10.0.40219.1
Project("{FAE04EC0-301F-11D3-BF4B-00C04F79EFBC}") = "DINInput_EUsbKey", "DINInput_EUsbKey\DINInput_EUsbKey.csproj", "{DEB18603-5089-43C5-B97D-D04F3F98FC11}"
EndProject
Project("{FAE04EC0-301F-11D3-BF4B-00C04F79EFBC}") = "DINServerObject", "DINServerObject\DINServerObject.csproj", "{019C79DE-E0C1-49E0-B792-2B48B1B673D4}"
EndProject
Project("{FAE04EC0-301F-11D3-BF4B-00C04F79EFBC}") = "NCFrameWork", "NCFrameWork\NCFrameWork.csproj", "{16513C64-8875-4C46-981D-DEF6158CFD6C}"
EndProject
Global
	GlobalSection(SolutionConfigurationPlatforms) = preSolution
		Debug|Any CPU = Debug|Any CPU
		Release|Any CPU = Release|Any CPU
	EndGlobalSection
	GlobalSection(ProjectConfigurationPlatforms) = postSolution
		{DEB18603-5089-43C5-B97D-D04F3F98FC11}.Debug|Any CPU.ActiveCfg = Debug|Any CPU
		{DEB18603-5089-43C5-B97D-D04F3F98FC11}.Debug|Any CPU.Build.0 = Debug|Any CPU
		{DEB18603-5089-43C5-B97D-D04F3F98FC11}.Release|Any CPU.ActiveCfg = Release|Any CPU
		{DEB18603-5089-43C5-B97D-D04F3F98FC11}.Release|Any CPU.Build.0 = Release|Any CPU
		{019C79DE-E0C1-49E0-B792-2B48B1B673D4}.Debug|Any CPU.ActiveCfg = Debug|Any CPU
		{019C79DE-E0C1-49E0-B792-2B48B1B673D4}.Debug|Any CPU.Build.0 = Debug|Any CPU
		{019C79DE-E0C1-49E0-B792-2B48B1B673D4}.Release|Any CPU.ActiveCfg = Release|Any CPU
		{019C79DE-E0C1-49E0-B792-2B48B1B673D4}.Release|Any CPU.Build.0 = Release|Any CPU
		{16513C64-8875-4C46-981D-DEF6158CFD6C}.Debug|Any CPU.ActiveCfg = Debug|Any CPU
		{16513C64-8875-4C46-981D-DEF6158CFD6C}.Debug|Any CPU.Build.0 = Debug|Any CPU
		{16513C64-8875-4C46-981D-DEF6158CFD6C}.Release|Any CPU.ActiveCfg = Release|Any CPU
		{16513C64-8875-4C46-981D-DEF6158CFD6C}.Release|Any CPU.Build.0 = Release|Any CPU
	EndGlobalSection
	GlobalSection(SolutionProperties) = preSolution
		HideSolutionNode = FALSE
	EndGlobalSection
	GlobalSection(ExtensibilityGlobals) = postSolution
		SolutionGuid = {4F9BED64-FC0D-4678-903F-D42470B95950}
	EndGlobalSection
EndGlobal
